PODS:
  - lottie-ios (3.2.3)
  - Stripe (21.7.0):
    - Stripe/Stripe3DS2 (= 21.7.0)
    - StripeCore (= 21.7.0)
  - Stripe/Stripe3DS2 (21.7.0):
    - StripeCore (= 21.7.0)
  - StripeCore (21.7.0)

DEPENDENCIES:
  - lottie-ios (= 3.2.3)
  - Stripe (= 21.7.0)

SPEC REPOS:
  trunk:
    - lottie-ios
    - Stripe
    - StripeCore

SPEC CHECKSUMS:
  lottie-ios: c058aeafa76daa4cf64d773554bccc8385d0150e
  Stripe: 90596971ef49bade169f68bc59369a796b30a045
  StripeCore: c09b492efc3b269a6ff875ad738ca366db97e03b

PODFILE CHECKSUM: 65d3adc9856edc36b6f12354e4eb58571effd231

COCOAPODS: 1.11.2
